
Microsoft Visual Studio Solution File, Format Version 12.00
# Visual Studio Version 17
VisualStudioVersion = 17.2.32602.215
MinimumVisualStudioVersion = 10.0.40219.1
Project("{888888A0-9F3D-457C-B088-3A5042F75D52}") = "ExcelDivideAndRule", "src\ExcelDivideAndRule.pyproj", "{5F717627-8962-4804-81B2-FA189B721B22}"
EndProject
Global
	GlobalSection(SolutionConfigurationPlatforms) = preSolution
		Debug|Any CPU = Debug|Any CPU
		Release|Any CPU = Release|Any CPU
	EndGlobalSection
	GlobalSection(ProjectConfigurationPlatforms) = postSolution
		{5F717627-8962-4804-81B2-FA189B721B22}.Debug|Any CPU.ActiveCfg = Debug|Any CPU
		{5F717627-8962-4804-81B2-FA189B721B22}.Release|Any CPU.ActiveCfg = Release|Any CPU
	EndGlobalSection
	GlobalSection(SolutionProperties) = preSolution
		HideSolutionNode = FALSE
	EndGlobalSection
	GlobalSection(ExtensibilityGlobals) = postSolution
		SolutionGuid = {4452EF2D-B9EC-4E24-AB44-0FBE637294C9}
	EndGlobalSection
EndGlobal
